
Microsoft Visual Studio Solution File, Format Version 12.00
Project("{FAE04EC0-301F-11D3-BF4B-00C04F79EFBC}") = "DocumentSearchCore", "DocumentSearchCore.csproj", "{CDC37039-4BA2-4620-9853-8DF82F6689AA}"
EndProject
Global
	GlobalSection(SolutionConfigurationPlatforms) = preSolution
		Debug|Any CPU = Debug|Any CPU
		Release|Any CPU = Release|Any CPU
	EndGlobalSection
	GlobalSection(ProjectConfigurationPlatforms) = postSolution
		{CDC37039-4BA2-4620-9853-8DF82F6689AA}.Debug|Any CPU.ActiveCfg = Debug|Any CPU
		{CDC37039-4BA2-4620-9853-8DF82F6689AA}.Debug|Any CPU.Build.0 = Debug|Any CPU
		{CDC37039-4BA2-4620-9853-8DF82F6689AA}.Release|Any CPU.ActiveCfg = Release|Any CPU
		{CDC37039-4BA2-4620-9853-8DF82F6689AA}.Release|Any CPU.Build.0 = Release|Any CPU
	EndGlobalSection
EndGlobal
